
Microsoft Visual Studio Solution File, Format Version 12.00
# Visual Studio 15
VisualStudioVersion = 15.0.28010.2016
MinimumVisualStudioVersion = 10.0.40219.1
Project("{9A19103F-16F7-4668-BE54-9A1E7A4F7556}") = "Flagger", "Flagger\Flagger.csproj", "{9937B02A-D130-4922-860C-4737865486BB}"
EndProject
Project("{FAE04EC0-301F-11D3-BF4B-00C04F79EFBC}") = "TestConsole", "TestConsole\TestConsole.csproj", "{885C16C4-4AB3-4A27-8884-3A763D8D161A}"
EndProject
Project("{9A19103F-16F7-4668-BE54-9A1E7A4F7556}") = "Flagger.Unity", "Flagger.Unity\Flagger.Unity.csproj", "{BA720BB7-BCF6-466E-A5E6-0737A38AA517}"
EndProject
Global
	GlobalSection(SolutionConfigurationPlatforms) = preSolution
		Debug|Any CPU = Debug|Any CPU
		Release|Any CPU = Release|Any CPU
	EndGlobalSection
	GlobalSection(ProjectConfigurationPlatforms) = postSolution
		{9937B02A-D130-4922-860C-4737865486BB}.Debug|Any CPU.ActiveCfg = Debug|Any CPU
		{9937B02A-D130-4922-860C-4737865486BB}.Debug|Any CPU.Build.0 = Debug|Any CPU
		{9937B02A-D130-4922-860C-4737865486BB}.Release|Any CPU.ActiveCfg = Release|Any CPU
		{9937B02A-D130-4922-860C-4737865486BB}.Release|Any CPU.Build.0 = Release|Any CPU
		{885C16C4-4AB3-4A27-8884-3A763D8D161A}.Debug|Any CPU.ActiveCfg = Debug|Any CPU
		{885C16C4-4AB3-4A27-8884-3A763D8D161A}.Debug|Any CPU.Build.0 = Debug|Any CPU
		{885C16C4-4AB3-4A27-8884-3A763D8D161A}.Release|Any CPU.ActiveCfg = Release|Any CPU
		{885C16C4-4AB3-4A27-8884-3A763D8D161A}.Release|Any CPU.Build.0 = Release|Any CPU
		{BA720BB7-BCF6-466E-A5E6-0737A38AA517}.Debug|Any CPU.ActiveCfg = Debug|Any CPU
		{BA720BB7-BCF6-466E-A5E6-0737A38AA517}.Debug|Any CPU.Build.0 = Debug|Any CPU
		{BA720BB7-BCF6-466E-A5E6-0737A38AA517}.Release|Any CPU.ActiveCfg = Release|Any CPU
		{BA720BB7-BCF6-466E-A5E6-0737A38AA517}.Release|Any CPU.Build.0 = Release|Any CPU
	EndGlobalSection
	GlobalSection(SolutionProperties) = preSolution
		HideSolutionNode = FALSE
	EndGlobalSection
	GlobalSection(ExtensibilityGlobals) = postSolution
		SolutionGuid = {7C1F3D83-DEC6-4BF0-91EE-AA72DAB84EDC}
	EndGlobalSection
EndGlobal
